lockfileVersion: '9.0'

settings:
  autoInstallPeers: true
  excludeLinksFromLockfile: false

importers:

  .:
    dependencies:
      '@tabler/icons-react':
        specifier: ^3.34.0
        version: 3.34.0(react@19.1.0)
      lucide-react:
        specifier: ^0.525.0
        version: 0.525.0(react@19.1.0)

packages:

  '@tabler/icons-react@3.34.0':
    resolution: {integrity: sha512-OpEIR2iZsIXECtAIMbn1zfKfQ3zKJjXyIZlkgOGUL9UkMCFycEiF2Y8AVfEQsyre/3FnBdlWJvGr0NU47n2TbQ==}
    peerDependencies:
      react: '>= 16'

  '@tabler/icons@3.34.0':
    resolution: {integrity: sha512-jtVqv0JC1WU2TTEBN32D9+R6mc1iEBuPwLnBsWaR02SIEciu9aq5806AWkCHuObhQ4ERhhXErLEK7Fs+tEZxiA==}

  lucide-react@0.525.0:
    resolution: {integrity: sha512-Tm1txJ2OkymCGkvwoHt33Y2JpN5xucVq1slHcgE6Lk0WjDfjgKWor5CdVER8U6DvcfMwh4M8XxmpTiyzfmfDYQ==}
    peerDependencies:
      react: ^16.5.1 || ^17.0.0 || ^18.0.0 || ^19.0.0

  react@19.1.0:
    resolution: {integrity: sha512-FS+XFBNvn3GTAWq26joslQgWNoFu08F4kl0J4CgdNKADkdSGXQyTCnKteIAJy96Br6YbpEU1LSzV5dYtjMkMDg==}
    engines: {node: '>=0.10.0'}

snapshots:

  '@tabler/icons-react@3.34.0(react@19.1.0)':
    dependencies:
      '@tabler/icons': 3.34.0
      react: 19.1.0

  '@tabler/icons@3.34.0': {}

  lucide-react@0.525.0(react@19.1.0):
    dependencies:
      react: 19.1.0

  react@19.1.0: {}
